
Microsoft Visual Studio Solution File, Format Version 12.00
# Visual Studio Version 17
VisualStudioVersion = 17.4.33103.184
MinimumVisualStudioVersion = 10.0.40219.1
Project("{FAE04EC0-301F-11D3-BF4B-00C04F79EFBC}") = "lab-3", "lab-3\lab-3.csproj", "{B436AC6F-2A7B-456E-B2E1-5D96C68CC983}"
EndProject
Global
	GlobalSection(SolutionConfigurationPlatforms) = preSolution
		Debug|Any CPU = Debug|Any CPU
		Release|Any CPU = Release|Any CPU
	EndGlobalSection
	GlobalSection(ProjectConfigurationPlatforms) = postSolution
		{B436AC6F-2A7B-456E-B2E1-5D96C68CC983}.Debug|Any CPU.ActiveCfg = Debug|Any CPU
		{B436AC6F-2A7B-456E-B2E1-5D96C68CC983}.Debug|Any CPU.Build.0 = Debug|Any CPU
		{B436AC6F-2A7B-456E-B2E1-5D96C68CC983}.Release|Any CPU.ActiveCfg = Release|Any CPU
		{B436AC6F-2A7B-456E-B2E1-5D96C68CC983}.Release|Any CPU.Build.0 = Release|Any CPU
	EndGlobalSection
	GlobalSection(SolutionProperties) = preSolution
		HideSolutionNode = FALSE
	EndGlobalSection
	GlobalSection(ExtensibilityGlobals) = postSolution
		SolutionGuid = {7A502238-CC70-4F60-941A-841985491508}
	EndGlobalSection
EndGlobal
